
Microsoft Visual Studio Solution File, Format Version 12.00
# Visual Studio Version 17
VisualStudioVersion = 17.6.33829.357
MinimumVisualStudioVersion = 10.0.40219.1
Project("{9A19103F-16F7-4668-BE54-9A1E7A4F7556}") = "SwordArtOffline", "SwordArtOffline\SwordArtOffline.csproj", "{EF5C3DF3-8419-4853-B4E9-C3AB2C52E7EE}"
EndProject
Project("{FAE04EC0-301F-11D3-BF4B-00C04F79EFBC}") = "SAOBnidQRGen", "SAOBnidQRGen\SAOBnidQRGen.csproj", "{65A39B44-AE79-4658-8E4D-B3E1574AEDAF}"
EndProject
Project("{2150E333-8FDC-42A3-9474-1A3956D46DE8}") = "Solution Items", "Solution Items", "{6C446495-FCB9-4523-9A31-789EF13D23EC}"
	ProjectSection(SolutionItems) = preProject
		.gitignore = .gitignore
		README.txt = README.txt
	EndProjectSection
EndProject
Global
	GlobalSection(SolutionConfigurationPlatforms) = preSolution
		Debug|Any CPU = Debug|Any CPU
		Release|Any CPU = Release|Any CPU
	EndGlobalSection
	GlobalSection(ProjectConfigurationPlatforms) = postSolution
		{EF5C3DF3-8419-4853-B4E9-C3AB2C52E7EE}.Debug|Any CPU.ActiveCfg = Debug|Any CPU
		{EF5C3DF3-8419-4853-B4E9-C3AB2C52E7EE}.Debug|Any CPU.Build.0 = Debug|Any CPU
		{EF5C3DF3-8419-4853-B4E9-C3AB2C52E7EE}.Release|Any CPU.ActiveCfg = Release|Any CPU
		{EF5C3DF3-8419-4853-B4E9-C3AB2C52E7EE}.Release|Any CPU.Build.0 = Release|Any CPU
		{65A39B44-AE79-4658-8E4D-B3E1574AEDAF}.Debug|Any CPU.ActiveCfg = Debug|x64
		{65A39B44-AE79-4658-8E4D-B3E1574AEDAF}.Debug|Any CPU.Build.0 = Debug|x64
		{65A39B44-AE79-4658-8E4D-B3E1574AEDAF}.Release|Any CPU.ActiveCfg = Release|Any CPU
		{65A39B44-AE79-4658-8E4D-B3E1574AEDAF}.Release|Any CPU.Build.0 = Release|Any CPU
	EndGlobalSection
	GlobalSection(SolutionProperties) = preSolution
		HideSolutionNode = FALSE
	EndGlobalSection
	GlobalSection(ExtensibilityGlobals) = postSolution
		SolutionGuid = {C554098C-9373-45BA-927B-7A2DCEB9D3F7}
	EndGlobalSection
EndGlobal
